
Microsoft Visual Studio Solution File, Format Version 12.00
# Visual Studio 15
VisualStudioVersion = 15.0.28307.438
MinimumVisualStudioVersion = 10.0.40219.1
Project("{FAE04EC0-301F-11D3-BF4B-00C04F79EFBC}") = "LLMerge", "LLMerge\LLMerge.csproj", "{2965C77F-6DA9-482D-9A51-1F20AC61BBC9}"
EndProject
Project("{FAE04EC0-301F-11D3-BF4B-00C04F79EFBC}") = "XUnitTests_LLMerge", "XUnitTests_LLMerge\XUnitTests_LLMerge.csproj", "{ED3D71B2-A26E-457C-9622-DF4D4639875E}"
EndProject
Global
	GlobalSection(SolutionConfigurationPlatforms) = preSolution
		Debug|Any CPU = Debug|Any CPU
		Release|Any CPU = Release|Any CPU
	EndGlobalSection
	GlobalSection(ProjectConfigurationPlatforms) = postSolution
		{2965C77F-6DA9-482D-9A51-1F20AC61BBC9}.Debug|Any CPU.ActiveCfg = Debug|Any CPU
		{2965C77F-6DA9-482D-9A51-1F20AC61BBC9}.Debug|Any CPU.Build.0 = Debug|Any CPU
		{2965C77F-6DA9-482D-9A51-1F20AC61BBC9}.Release|Any CPU.ActiveCfg = Release|Any CPU
		{2965C77F-6DA9-482D-9A51-1F20AC61BBC9}.Release|Any CPU.Build.0 = Release|Any CPU
		{ED3D71B2-A26E-457C-9622-DF4D4639875E}.Debug|Any CPU.ActiveCfg = Debug|Any CPU
		{ED3D71B2-A26E-457C-9622-DF4D4639875E}.Debug|Any CPU.Build.0 = Debug|Any CPU
		{ED3D71B2-A26E-457C-9622-DF4D4639875E}.Release|Any CPU.ActiveCfg = Release|Any CPU
		{ED3D71B2-A26E-457C-9622-DF4D4639875E}.Release|Any CPU.Build.0 = Release|Any CPU
	EndGlobalSection
	GlobalSection(SolutionProperties) = preSolution
		HideSolutionNode = FALSE
	EndGlobalSection
	GlobalSection(ExtensibilityGlobals) = postSolution
		SolutionGuid = {530B48B2-5440-4BD4-9EBF-5C9586FB1900}
	EndGlobalSection
EndGlobal
