
Microsoft Visual Studio Solution File, Format Version 12.00
# Visual Studio 15
VisualStudioVersion = 15.0.28307.438
MinimumVisualStudioVersion = 10.0.40219.1
Project("{FAE04EC0-301F-11D3-BF4B-00C04F79EFBC}") = "MultiBracketValidation", "MultiBracketValidation\MultiBracketValidation.csproj", "{F9CAE3BF-0D13-4E4F-BC71-1712AC74879D}"
EndProject
Project("{FAE04EC0-301F-11D3-BF4B-00C04F79EFBC}") = "XUnit_MultiBracketValidation", "XUnit_MultiBracketValidation\XUnit_MultiBracketValidation.csproj", "{0A073053-CD20-4106-BE20-D77BC680EA1B}"
EndProject
Global
	GlobalSection(SolutionConfigurationPlatforms) = preSolution
		Debug|Any CPU = Debug|Any CPU
		Release|Any CPU = Release|Any CPU
	EndGlobalSection
	GlobalSection(ProjectConfigurationPlatforms) = postSolution
		{F9CAE3BF-0D13-4E4F-BC71-1712AC74879D}.Debug|Any CPU.ActiveCfg = Debug|Any CPU
		{F9CAE3BF-0D13-4E4F-BC71-1712AC74879D}.Debug|Any CPU.Build.0 = Debug|Any CPU
		{F9CAE3BF-0D13-4E4F-BC71-1712AC74879D}.Release|Any CPU.ActiveCfg = Release|Any CPU
		{F9CAE3BF-0D13-4E4F-BC71-1712AC74879D}.Release|Any CPU.Build.0 = Release|Any CPU
		{0A073053-CD20-4106-BE20-D77BC680EA1B}.Debug|Any CPU.ActiveCfg = Debug|Any CPU
		{0A073053-CD20-4106-BE20-D77BC680EA1B}.Debug|Any CPU.Build.0 = Debug|Any CPU
		{0A073053-CD20-4106-BE20-D77BC680EA1B}.Release|Any CPU.ActiveCfg = Release|Any CPU
		{0A073053-CD20-4106-BE20-D77BC680EA1B}.Release|Any CPU.Build.0 = Release|Any CPU
	EndGlobalSection
	GlobalSection(SolutionProperties) = preSolution
		HideSolutionNode = FALSE
	EndGlobalSection
	GlobalSection(ExtensibilityGlobals) = postSolution
		SolutionGuid = {C61A5B58-0674-4AE4-970F-1F0AA7CF7B41}
	EndGlobalSection
EndGlobal
