
Microsoft Visual Studio Solution File, Format Version 12.00
# Visual Studio 15
VisualStudioVersion = 15.0.28307.438
MinimumVisualStudioVersion = 10.0.40219.1
Project("{FAE04EC0-301F-11D3-BF4B-00C04F79EFBC}") = "MultiBracketValidation", "MultiBracketValidation\MultiBracketValidation.csproj", "{B258FD34-297F-4DB3-A870-F612494D93C2}"
EndProject
Project("{FAE04EC0-301F-11D3-BF4B-00C04F79EFBC}") = "XUnit_MultiBracketValidation", "XUnit_MultiBracketValidation\XUnit_MultiBracketValidation.csproj", "{CB6E536E-5CFB-4EB5-9BF9-3CD5D6E03119}"
EndProject
Global
	GlobalSection(SolutionConfigurationPlatforms) = preSolution
		Debug|Any CPU = Debug|Any CPU
		Release|Any CPU = Release|Any CPU
	EndGlobalSection
	GlobalSection(ProjectConfigurationPlatforms) = postSolution
		{B258FD34-297F-4DB3-A870-F612494D93C2}.Debug|Any CPU.ActiveCfg = Debug|Any CPU
		{B258FD34-297F-4DB3-A870-F612494D93C2}.Debug|Any CPU.Build.0 = Debug|Any CPU
		{B258FD34-297F-4DB3-A870-F612494D93C2}.Release|Any CPU.ActiveCfg = Release|Any CPU
		{B258FD34-297F-4DB3-A870-F612494D93C2}.Release|Any CPU.Build.0 = Release|Any CPU
		{CB6E536E-5CFB-4EB5-9BF9-3CD5D6E03119}.Debug|Any CPU.ActiveCfg = Debug|Any CPU
		{CB6E536E-5CFB-4EB5-9BF9-3CD5D6E03119}.Debug|Any CPU.Build.0 = Debug|Any CPU
		{CB6E536E-5CFB-4EB5-9BF9-3CD5D6E03119}.Release|Any CPU.ActiveCfg = Release|Any CPU
		{CB6E536E-5CFB-4EB5-9BF9-3CD5D6E03119}.Release|Any CPU.Build.0 = Release|Any CPU
	EndGlobalSection
	GlobalSection(SolutionProperties) = preSolution
		HideSolutionNode = FALSE
	EndGlobalSection
	GlobalSection(ExtensibilityGlobals) = postSolution
		SolutionGuid = {18E22C57-FF13-4AEC-8304-3A0D5893E414}
	EndGlobalSection
EndGlobal
