
Microsoft Visual Studio Solution File, Format Version 12.00
# Visual Studio 15
VisualStudioVersion = 15.0.28307.438
MinimumVisualStudioVersion = 10.0.40219.1
Project("{FAE04EC0-301F-11D3-BF4B-00C04F79EFBC}") = "ConsoleApp_LinkedList", "ConsoleApp_LinkedList\ConsoleApp_LinkedList.csproj", "{29AD2120-631F-4C50-8318-3F58C2893C99}"
EndProject
Project("{FAE04EC0-301F-11D3-BF4B-00C04F79EFBC}") = "XUnitTestProject_SinglyLinkedList", "..\XUnitTestProject_SinglyLinkedList\XUnitTestProject_SinglyLinkedList.csproj", "{B34AB896-1CB9-40DE-B104-35DE73EF376E}"
EndProject
Global
	GlobalSection(SolutionConfigurationPlatforms) = preSolution
		Debug|Any CPU = Debug|Any CPU
		Release|Any CPU = Release|Any CPU
	EndGlobalSection
	GlobalSection(ProjectConfigurationPlatforms) = postSolution
		{29AD2120-631F-4C50-8318-3F58C2893C99}.Debug|Any CPU.ActiveCfg = Debug|Any CPU
		{29AD2120-631F-4C50-8318-3F58C2893C99}.Debug|Any CPU.Build.0 = Debug|Any CPU
		{29AD2120-631F-4C50-8318-3F58C2893C99}.Release|Any CPU.ActiveCfg = Release|Any CPU
		{29AD2120-631F-4C50-8318-3F58C2893C99}.Release|Any CPU.Build.0 = Release|Any CPU
		{B34AB896-1CB9-40DE-B104-35DE73EF376E}.Debug|Any CPU.ActiveCfg = Debug|Any CPU
		{B34AB896-1CB9-40DE-B104-35DE73EF376E}.Debug|Any CPU.Build.0 = Debug|Any CPU
		{B34AB896-1CB9-40DE-B104-35DE73EF376E}.Release|Any CPU.ActiveCfg = Release|Any CPU
		{B34AB896-1CB9-40DE-B104-35DE73EF376E}.Release|Any CPU.Build.0 = Release|Any CPU
	EndGlobalSection
	GlobalSection(SolutionProperties) = preSolution
		HideSolutionNode = FALSE
	EndGlobalSection
	GlobalSection(ExtensibilityGlobals) = postSolution
		SolutionGuid = {FB0A4143-C7A8-4C24-B0EA-61B3528BE835}
	EndGlobalSection
EndGlobal
