
Microsoft Visual Studio Solution File, Format Version 12.00
# Visual Studio 15
VisualStudioVersion = 15.0.28307.438
MinimumVisualStudioVersion = 10.0.40219.1
Project("{9A19103F-16F7-4668-BE54-9A1E7A4F7556}") = "FIFOAnimalShelter", "FIFOAnimalShelter\FIFOAnimalShelter.csproj", "{290593FF-8DBD-40D3-ACC7-AA016A2C4836}"
EndProject
Project("{9A19103F-16F7-4668-BE54-9A1E7A4F7556}") = "XUnit_FIFOAnimalShelter", "XUnit_FIFOAnimalShelter\XUnit_FIFOAnimalShelter.csproj", "{D989560D-601B-4012-A09D-B353C20C54D3}"
EndProject
Global
	GlobalSection(SolutionConfigurationPlatforms) = preSolution
		Debug|Any CPU = Debug|Any CPU
		Release|Any CPU = Release|Any CPU
	EndGlobalSection
	GlobalSection(ProjectConfigurationPlatforms) = postSolution
		{290593FF-8DBD-40D3-ACC7-AA016A2C4836}.Debug|Any CPU.ActiveCfg = Debug|Any CPU
		{290593FF-8DBD-40D3-ACC7-AA016A2C4836}.Debug|Any CPU.Build.0 = Debug|Any CPU
		{290593FF-8DBD-40D3-ACC7-AA016A2C4836}.Release|Any CPU.ActiveCfg = Release|Any CPU
		{290593FF-8DBD-40D3-ACC7-AA016A2C4836}.Release|Any CPU.Build.0 = Release|Any CPU
		{D989560D-601B-4012-A09D-B353C20C54D3}.Debug|Any CPU.ActiveCfg = Debug|Any CPU
		{D989560D-601B-4012-A09D-B353C20C54D3}.Debug|Any CPU.Build.0 = Debug|Any CPU
		{D989560D-601B-4012-A09D-B353C20C54D3}.Release|Any CPU.ActiveCfg = Release|Any CPU
		{D989560D-601B-4012-A09D-B353C20C54D3}.Release|Any CPU.Build.0 = Release|Any CPU
	EndGlobalSection
	GlobalSection(SolutionProperties) = preSolution
		HideSolutionNode = FALSE
	EndGlobalSection
	GlobalSection(ExtensibilityGlobals) = postSolution
		SolutionGuid = {A8FEBE37-2E48-4721-82A6-3ACD812946EB}
	EndGlobalSection
EndGlobal
